// !$*UTF8*$!
{
	archiveVersion = 1;
	classes = {
	};
	objectVersion = 56;
	objects = {

/* Begin PBXBuildFile section */
		1455539E29CDF054007EC535 /* Alert.xib in Resources */ = {isa = PBXBuildFile; fileRef = 1455539D29CDF054007EC535 /* Alert.xib */; };
		6A2428FD814DCF46ED53BD00 /* Pods_PinkoWin_iOS.framework in Frameworks */ = {isa = PBXBuildFile; fileRef = 07CFA4AF77380FD68B3CE2E8 /* Pods_PinkoWin_iOS.framework */; };
		82AFBEDA54B16DBF6CC005E8 /* Pods_OneSignalNotificationServiceExtension.framework in Frameworks */ = {isa = PBXBuildFile; fileRef = 1A8519DD62795F0EA83E1991 /* Pods_OneSignalNotificationServiceExtension.framework */; };
		8852198D29CB30D600A96E49 /* MenuViewController.swift in Sources */ = {isa = PBXBuildFile; fileRef = 8852198C29CB30D600A96E49 /* MenuViewController.swift */; };
		8877CFEA29C8A8BF00227018 /* AppDelegate.swift in Sources */ = {isa = PBXBuildFile; fileRef = 8877CFE929C8A8BF00227018 /* AppDelegate.swift */; };
		8877CFEC29C8A8BF00227018 /* GameViewController.swift in Sources */ = {isa = PBXBuildFile; fileRef = 8877CFEB29C8A8BF00227018 /* GameViewController.swift */; };
		8877CFEF29C8A8BF00227018 /* Main.storyboard in Resources */ = {isa = PBXBuildFile; fileRef = 8877CFED29C8A8BF00227018 /* Main.storyboard */; };
		8877CFF229C8A8BF00227018 /* LaunchScreen.storyboard in Resources */ = {isa = PBXBuildFile; fileRef = 8877CFF029C8A8BF00227018 /* LaunchScreen.storyboard */; };
		8877CFF529C8A8BF00227018 /* GameScene.swift in Sources */ = {isa = PBXBuildFile; fileRef = 8877CFE029C8A8BD00227018 /* GameScene.swift */; };
		8877CFF629C8A8BF00227018 /* Assets.xcassets in Resources */ = {isa = PBXBuildFile; fileRef = 8877CFE129C8A8BF00227018 /* Assets.xcassets */; };
		8879216229CC93E8004F07DB /* Alert.swift in Sources */ = {isa = PBXBuildFile; fileRef = 8879216029CC93E8004F07DB /* Alert.swift */; };
		8879216529CCF60C004F07DB /* RatingViewController.swift in Sources */ = {isa = PBXBuildFile; fileRef = 8879216429CCF60C004F07DB /* RatingViewController.swift */; };
		8879216829CCF641004F07DB /* RatingCell.swift in Sources */ = {isa = PBXBuildFile; fileRef = 8879216729CCF641004F07DB /* RatingCell.swift */; };
		8879216A29CCF740004F07DB /* User.swift in Sources */ = {isa = PBXBuildFile; fileRef = 8879216929CCF740004F07DB /* User.swift */; };
		8879216D29CD82B8004F07DB /* ShopViewController.swift in Sources */ = {isa = PBXBuildFile; fileRef = 8879216C29CD82B8004F07DB /* ShopViewController.swift */; };
		8879217029CD8300004F07DB /* ShoppingManager.swift in Sources */ = {isa = PBXBuildFile; fileRef = 8879216F29CD8300004F07DB /* ShoppingManager.swift */; };
		8879217229CD8418004F07DB /* SoundManager.swift in Sources */ = {isa = PBXBuildFile; fileRef = 8879217129CD8418004F07DB /* SoundManager.swift */; };
		8879217429CD9CBB004F07DB /* SettingsViewController.swift in Sources */ = {isa = PBXBuildFile; fileRef = 8879217329CD9CBB004F07DB /* SettingsViewController.swift */; };
		8879217D29CDA948004F07DB /* NotificationService.swift in Sources */ = {isa = PBXBuildFile; fileRef = 8879217C29CDA948004F07DB /* NotificationService.swift */; };
		8879218129CDA948004F07DB /* OneSignalNotificationServiceExtension.appex in Embed Foundation Extensions */ = {isa = PBXBuildFile; fileRef = 8879217A29CDA947004F07DB /* OneSignalNotificationServiceExtension.appex */; settings = {ATTRIBUTES = (RemoveHeadersOnCopy, ); }; };
		8879218B29CDB4C7004F07DB /* State.swift in Sources */ = {isa = PBXBuildFile; fileRef = 8879218A29CDB4C7004F07DB /* State.swift */; };
		8879218D29CDB4E9004F07DB /* Constants.swift in Sources */ = {isa = PBXBuildFile; fileRef = 8879218C29CDB4E9004F07DB /* Constants.swift */; };
		8879218F29CDBFCA004F07DB /* backgroundMusic.mp3 in Resources */ = {isa = PBXBuildFile; fileRef = 8879218E29CDBFCA004F07DB /* backgroundMusic.mp3 */; };
		8879219129CDBFD6004F07DB /* ball.mp3 in Resources */ = {isa = PBXBuildFile; fileRef = 8879219029CDBFD6004F07DB /* ball.mp3 */; };
		889A249529CC471800E61BC9 /* LoadingViewController.swift in Sources */ = {isa = PBXBuildFile; fileRef = 889A249429CC471800E61BC9 /* LoadingViewController.swift */; };
		889A249829CC479A00E61BC9 /* PortraitViewController.swift in Sources */ = {isa = PBXBuildFile; fileRef = 889A249729CC479A00E61BC9 /* PortraitViewController.swift */; };
		889A249A29CC47D900E61BC9 /* OnboardingVC.swift in Sources */ = {isa = PBXBuildFile; fileRef = 889A249929CC47D900E61BC9 /* OnboardingVC.swift */; };
		889A24A029CC5E2300E61BC9 /* LevelViewController.swift in Sources */ = {isa = PBXBuildFile; fileRef = 889A249F29CC5E2300E61BC9 /* LevelViewController.swift */; };
		889A24A329CC5EA400E61BC9 /* LevelCell.swift in Sources */ = {isa = PBXBuildFile; fileRef = 889A24A229CC5EA400E61BC9 /* LevelCell.swift */; };
		889A24A529CC7E1200E61BC9 /* FirebaseManager.swift in Sources */ = {isa = PBXBuildFile; fileRef = 889A24A429CC7E1200E61BC9 /* FirebaseManager.swift */; };
		889A24A729CC7ED600E61BC9 /* GoogleService-Info.plist in Resources */ = {isa = PBXBuildFile; fileRef = 889A24A629CC7ED600E61BC9 /* GoogleService-Info.plist */; };
		889A24A929CC80E900E61BC9 /* UIView+Extensions.swift in Sources */ = {isa = PBXBuildFile; fileRef = 889A24A829CC80E900E61BC9 /* UIView+Extensions.swift */; };
		889A24AB29CC811900E61BC9 /* BlurLoader.swift in Sources */ = {isa = PBXBuildFile; fileRef = 889A24AA29CC811900E61BC9 /* BlurLoader.swift */; };
/* End PBXBuildFile section */

/* Begin PBXContainerItemProxy section */
		8879217F29CDA948004F07DB /* PBXContainerItemProxy */ = {
			isa = PBXContainerItemProxy;
			containerPortal = 8877CFD929C8A8BD00227018 /* Project object */;
			proxyType = 1;
			remoteGlobalIDString = 8879217929CDA947004F07DB;
			remoteInfo = OneSignalNotificationServiceExtension;
		};
/* End PBXContainerItemProxy section */

/* Begin PBXCopyFilesBuildPhase section */
		8879218529CDA948004F07DB /* Embed Foundation Extensions */ = {
			isa = PBXCopyFilesBuildPhase;
			buildActionMask = 2147483647;
			dstPath = "";
			dstSubfolderSpec = 13;
			files = (
				8879218129CDA948004F07DB /* OneSignalNotificationServiceExtension.appex in Embed Foundation Extensions */,
			);
			name = "Embed Foundation Extensions";
			runOnlyForDeploymentPostprocessing = 0;
		};
/* End PBXCopyFilesBuildPhase section */

/* Begin PBXFileReference section */
		07CFA4AF77380FD68B3CE2E8 /* Pods_PinkoWin_iOS.framework */ = {isa = PBXFileReference; explicitFileType = wrapper.framework; includeInIndex = 0; path = Pods_PinkoWin_iOS.framework; sourceTree = BUILT_PRODUCTS_DIR; };
		1455539D29CDF054007EC535 /* Alert.xib */ = {isa = PBXFileReference; fileEncoding = 4; lastKnownFileType = file.xib; path = Alert.xib; sourceTree = "<group>"; };
		1A8519DD62795F0EA83E1991 /* Pods_OneSignalNotificationServiceExtension.framework */ = {isa = PBXFileReference; explicitFileType = wrapper.framework; includeInIndex = 0; path = Pods_OneSignalNotificationServiceExtension.framework; sourceTree = BUILT_PRODUCTS_DIR; };
		3BFF7568BAC3329935DEFB0D /* Pods-PinkoWin iOS.release.xcconfig */ = {isa = PBXFileReference; includeInIndex = 1; lastKnownFileType = text.xcconfig; name = "Pods-PinkoWin iOS.release.xcconfig"; path = "Target Support Files/Pods-PinkoWin iOS/Pods-PinkoWin iOS.release.xcconfig"; sourceTree = "<group>"; };
		67D200178B54E55D6DABDD4C /* Pods-OneSignalNotificationServiceExtension.release.xcconfig */ = {isa = PBXFileReference; includeInIndex = 1; lastKnownFileType = text.xcconfig; name = "Pods-OneSignalNotificationServiceExtension.release.xcconfig"; path = "Target Support Files/Pods-OneSignalNotificationServiceExtension/Pods-OneSignalNotificationServiceExtension.release.xcconfig"; sourceTree = "<group>"; };
		8852198C29CB30D600A96E49 /* MenuViewController.swift */ = {isa = PBXFileReference; lastKnownFileType = sourcecode.swift; path = MenuViewController.swift; sourceTree = "<group>"; };
		8877CFE029C8A8BD00227018 /* GameScene.swift */ = {isa = PBXFileReference; lastKnownFileType = sourcecode.swift; path = GameScene.swift; sourceTree = "<group>"; };
		8877CFE129C8A8BF00227018 /* Assets.xcassets */ = {isa = PBXFileReference; lastKnownFileType = folder.assetcatalog; path = Assets.xcassets; sourceTree = "<group>"; };
		8877CFE629C8A8BF00227018 /* PinkoWin.app */ = {isa = PBXFileReference; explicitFileType = wrapper.application; includeInIndex = 0; path = PinkoWin.app; sourceTree = BUILT_PRODUCTS_DIR; };
		8877CFE929C8A8BF00227018 /* AppDelegate.swift */ = {isa = PBXFileReference; lastKnownFileType = sourcecode.swift; path = AppDelegate.swift; sourceTree = "<group>"; };
		8877CFEB29C8A8BF00227018 /* GameViewController.swift */ = {isa = PBXFileReference; lastKnownFileType = sourcecode.swift; path = GameViewController.swift; sourceTree = "<group>"; };
		8877CFEE29C8A8BF00227018 /* Base */ = {isa = PBXFileReference; lastKnownFileType = file.storyboard; name = Base; path = Base.lproj/Main.storyboard; sourceTree = "<group>"; };
		8877CFF129C8A8BF00227018 /* Base */ = {isa = PBXFileReference; lastKnownFileType = file.storyboard; name = Base; path = Base.lproj/LaunchScreen.storyboard; sourceTree = "<group>"; };
		8879216029CC93E8004F07DB /* Alert.swift */ = {isa = PBXFileReference; fileEncoding = 4; lastKnownFileType = sourcecode.swift; path = Alert.swift; sourceTree = "<group>"; };
		8879216429CCF60C004F07DB /* RatingViewController.swift */ = {isa = PBXFileReference; lastKnownFileType = sourcecode.swift; path = RatingViewController.swift; sourceTree = "<group>"; };
		8879216729CCF641004F07DB /* RatingCell.swift */ = {isa = PBXFileReference; lastKnownFileType = sourcecode.swift; path = RatingCell.swift; sourceTree = "<group>"; };
		8879216929CCF740004F07DB /* User.swift */ = {isa = PBXFileReference; lastKnownFileType = sourcecode.swift; path = User.swift; sourceTree = "<group>"; };
		8879216C29CD82B8004F07DB /* ShopViewController.swift */ = {isa = PBXFileReference; lastKnownFileType = sourcecode.swift; path = ShopViewController.swift; sourceTree = "<group>"; };
		8879216F29CD8300004F07DB /* ShoppingManager.swift */ = {isa = PBXFileReference; lastKnownFileType = sourcecode.swift; path = ShoppingManager.swift; sourceTree = "<group>"; };
		8879217129CD8418004F07DB /* SoundManager.swift */ = {isa = PBXFileReference; lastKnownFileType = sourcecode.swift; path = SoundManager.swift; sourceTree = "<group>"; };
		8879217329CD9CBB004F07DB /* SettingsViewController.swift */ = {isa = PBXFileReference; lastKnownFileType = sourcecode.swift; path = SettingsViewController.swift; sourceTree = "<group>"; };
		8879217A29CDA947004F07DB /* OneSignalNotificationServiceExtension.appex */ = {isa = PBXFileReference; explicitFileType = "wrapper.app-extension"; includeInIndex = 0; path = OneSignalNotificationServiceExtension.appex; sourceTree = BUILT_PRODUCTS_DIR; };
		8879217C29CDA948004F07DB /* NotificationService.swift */ = {isa = PBXFileReference; lastKnownFileType = sourcecode.swift; path = NotificationService.swift; sourceTree = "<group>"; };
		8879217E29CDA948004F07DB /* Info.plist */ = {isa = PBXFileReference; lastKnownFileType = text.plist.xml; path = Info.plist; sourceTree = "<group>"; };
		8879218629CDA981004F07DB /* PinkoWin iOS.entitlements */ = {isa = PBXFileReference; lastKnownFileType = text.plist.entitlements; path = "PinkoWin iOS.entitlements"; sourceTree = "<group>"; };
		8879218729CDAAF5004F07DB /* PinkoWin-iOS-Info.plist */ = {isa = PBXFileReference; lastKnownFileType = text.plist; path = "PinkoWin-iOS-Info.plist"; sourceTree = SOURCE_ROOT; };
		8879218A29CDB4C7004F07DB /* State.swift */ = {isa = PBXFileReference; lastKnownFileType = sourcecode.swift; path = State.swift; sourceTree = "<group>"; };
		8879218C29CDB4E9004F07DB /* Constants.swift */ = {isa = PBXFileReference; lastKnownFileType = sourcecode.swift; path = Constants.swift; sourceTree = "<group>"; };
		8879218E29CDBFCA004F07DB /* backgroundMusic.mp3 */ = {isa = PBXFileReference; lastKnownFileType = audio.mp3; path = backgroundMusic.mp3; sourceTree = "<group>"; };
		8879219029CDBFD6004F07DB /* ball.mp3 */ = {isa = PBXFileReference; lastKnownFileType = audio.mp3; path = ball.mp3; sourceTree = "<group>"; };
		889A249429CC471800E61BC9 /* LoadingViewController.swift */ = {isa = PBXFileReference; lastKnownFileType = sourcecode.swift; path = LoadingViewController.swift; sourceTree = "<group>"; };
		889A249729CC479A00E61BC9 /* PortraitViewController.swift */ = {isa = PBXFileReference; lastKnownFileType = sourcecode.swift; path = PortraitViewController.swift; sourceTree = "<group>"; };
		889A249929CC47D900E61BC9 /* OnboardingVC.swift */ = {isa = PBXFileReference; lastKnownFileType = sourcecode.swift; path = OnboardingVC.swift; sourceTree = "<group>"; };
		889A249F29CC5E2300E61BC9 /* LevelViewController.swift */ = {isa = PBXFileReference; lastKnownFileType = sourcecode.swift; path = LevelViewController.swift; sourceTree = "<group>"; };
		889A24A229CC5EA400E61BC9 /* LevelCell.swift */ = {isa = PBXFileReference; lastKnownFileType = sourcecode.swift; path = LevelCell.swift; sourceTree = "<group>"; };
		889A24A429CC7E1200E61BC9 /* FirebaseManager.swift */ = {isa = PBXFileReference; lastKnownFileType = sourcecode.swift; path = FirebaseManager.swift; sourceTree = "<group>"; };
		889A24A629CC7ED600E61BC9 /* GoogleService-Info.plist */ = {isa = PBXFileReference; fileEncoding = 4; lastKnownFileType = text.plist.xml; path = "GoogleService-Info.plist"; sourceTree = "<group>"; };
		889A24A829CC80E900E61BC9 /* UIView+Extensions.swift */ = {isa = PBXFileReference; lastKnownFileType = sourcecode.swift; path = "UIView+Extensions.swift"; sourceTree = "<group>"; };
		889A24AA29CC811900E61BC9 /* BlurLoader.swift */ = {isa = PBXFileReference; lastKnownFileType = sourcecode.swift; path = BlurLoader.swift; sourceTree = "<group>"; };
		8AEBCF8E07EDA652F376CEC0 /* Pods-OneSignalNotificationServiceExtension.debug.xcconfig */ = {isa = PBXFileReference; includeInIndex = 1; lastKnownFileType = text.xcconfig; name = "Pods-OneSignalNotificationServiceExtension.debug.xcconfig"; path = "Target Support Files/Pods-OneSignalNotificationServiceExtension/Pods-OneSignalNotificationServiceExtension.debug.xcconfig"; sourceTree = "<group>"; };
		AAF74784F945E21E943180D3 /* Pods-PinkoWin iOS.debug.xcconfig */ = {isa = PBXFileReference; includeInIndex = 1; lastKnownFileType = text.xcconfig; name = "Pods-PinkoWin iOS.debug.xcconfig"; path = "Target Support Files/Pods-PinkoWin iOS/Pods-PinkoWin iOS.debug.xcconfig"; sourceTree = "<group>"; };
/* End PBXFileReference section */

/* Begin PBXFrameworksBuildPhase section */
		8877CFE329C8A8BF00227018 /* Frameworks */ = {
			isa = PBXFrameworksBuildPhase;
			buildActionMask = 2147483647;
			files = (
				6A2428FD814DCF46ED53BD00 /* Pods_PinkoWin_iOS.framework in Frameworks */,
			);
			runOnlyForDeploymentPostprocessing = 0;
		};
		8879217729CDA947004F07DB /* Frameworks */ = {
			isa = PBXFrameworksBuildPhase;
			buildActionMask = 2147483647;
			files = (
				82AFBEDA54B16DBF6CC005E8 /* Pods_OneSignalNotificationServiceExtension.framework in Frameworks */,
			);
			runOnlyForDeploymentPostprocessing = 0;
		};
/* End PBXFrameworksBuildPhase section */

/* Begin PBXGroup section */
		8877CFD829C8A8BD00227018 = {
			isa = PBXGroup;
			children = (
				8877CFDD29C8A8BD00227018 /* PinkoWin Shared */,
				8877CFE829C8A8BF00227018 /* PinkoWin iOS */,
				8879217B29CDA948004F07DB /* OneSignalNotificationServiceExtension */,
				8877CFE729C8A8BF00227018 /* Products */,
				F6811B506DEA0FD6793E872D /* Pods */,
				8AD881B053EBD79B0AF5B17F /* Frameworks */,
			);
			sourceTree = "<group>";
		};
		8877CFDD29C8A8BD00227018 /* PinkoWin Shared */ = {
			isa = PBXGroup;
			children = (
				8877CFE929C8A8BF00227018 /* AppDelegate.swift */,
				8877CFED29C8A8BF00227018 /* Main.storyboard */,
				8877CFF029C8A8BF00227018 /* LaunchScreen.storyboard */,
				8877CFE129C8A8BF00227018 /* Assets.xcassets */,
				8879218E29CDBFCA004F07DB /* backgroundMusic.mp3 */,
				8879219029CDBFD6004F07DB /* ball.mp3 */,
				889A24A629CC7ED600E61BC9 /* GoogleService-Info.plist */,
			);
			path = "PinkoWin Shared";
			sourceTree = "<group>";
		};
		8877CFE729C8A8BF00227018 /* Products */ = {
			isa = PBXGroup;
			children = (
				8877CFE629C8A8BF00227018 /* PinkoWin.app */,
				8879217A29CDA947004F07DB /* OneSignalNotificationServiceExtension.appex */,
			);
			name = Products;
			sourceTree = "<group>";
		};
		8877CFE829C8A8BF00227018 /* PinkoWin iOS */ = {
			isa = PBXGroup;
			children = (
				8879218729CDAAF5004F07DB /* PinkoWin-iOS-Info.plist */,
				8879218629CDA981004F07DB /* PinkoWin iOS.entitlements */,
				889A249229CC46F800E61BC9 /* Screens */,
				889A249629CC477000E61BC9 /* Helper */,
				889A24A429CC7E1200E61BC9 /* FirebaseManager.swift */,
				8879216F29CD8300004F07DB /* ShoppingManager.swift */,
				8879217129CD8418004F07DB /* SoundManager.swift */,
				8879216B29CCF81F004F07DB /* Model */,
			);
			path = "PinkoWin iOS";
			sourceTree = "<group>";
		};
		8879216629CCF614004F07DB /* Rating */ = {
			isa = PBXGroup;
			children = (
				8879216429CCF60C004F07DB /* RatingViewController.swift */,
				8879216729CCF641004F07DB /* RatingCell.swift */,
			);
			path = Rating;
			sourceTree = "<group>";
		};
		8879216B29CCF81F004F07DB /* Model */ = {
			isa = PBXGroup;
			children = (
				8879216929CCF740004F07DB /* User.swift */,
			);
			path = Model;
			sourceTree = "<group>";
		};
		8879216E29CD82BD004F07DB /* Shop */ = {
			isa = PBXGroup;
			children = (
				8879216C29CD82B8004F07DB /* ShopViewController.swift */,
			);
			path = Shop;
			sourceTree = "<group>";
		};
		8879217529CD9CC6004F07DB /* Settings */ = {
			isa = PBXGroup;
			children = (
				8879217329CD9CBB004F07DB /* SettingsViewController.swift */,
			);
			path = Settings;
			sourceTree = "<group>";
		};
		8879217B29CDA948004F07DB /* OneSignalNotificationServiceExtension */ = {
			isa = PBXGroup;
			children = (
				8879217C29CDA948004F07DB /* NotificationService.swift */,
				8879217E29CDA948004F07DB /* Info.plist */,
			);
			path = OneSignalNotificationServiceExtension;
			sourceTree = "<group>";
		};
		889A249229CC46F800E61BC9 /* Screens */ = {
			isa = PBXGroup;
			children = (
				889A249329CC470300E61BC9 /* Loading */,
				889A249B29CC5DB500E61BC9 /* Game */,
				889A249C29CC5DD100E61BC9 /* Menu */,
				889A24A129CC5E2700E61BC9 /* Level */,
				8879216629CCF614004F07DB /* Rating */,
				8879216E29CD82BD004F07DB /* Shop */,
				8879217529CD9CC6004F07DB /* Settings */,
			);
			path = Screens;
			sourceTree = "<group>";
		};
		889A249329CC470300E61BC9 /* Loading */ = {
			isa = PBXGroup;
			children = (
				889A249429CC471800E61BC9 /* LoadingViewController.swift */,
				889A249929CC47D900E61BC9 /* OnboardingVC.swift */,
			);
			path = Loading;
			sourceTree = "<group>";
		};
		889A249629CC477000E61BC9 /* Helper */ = {
			isa = PBXGroup;
			children = (
				889A24B229CC928600E61BC9 /* Alert */,
				889A249729CC479A00E61BC9 /* PortraitViewController.swift */,
				889A24A829CC80E900E61BC9 /* UIView+Extensions.swift */,
				889A24AA29CC811900E61BC9 /* BlurLoader.swift */,
				8879218A29CDB4C7004F07DB /* State.swift */,
				8879218C29CDB4E9004F07DB /* Constants.swift */,
			);
			path = Helper;
			sourceTree = "<group>";
		};
		889A249B29CC5DB500E61BC9 /* Game */ = {
			isa = PBXGroup;
			children = (
				8877CFEB29C8A8BF00227018 /* GameViewController.swift */,
				8877CFE029C8A8BD00227018 /* GameScene.swift */,
			);
			path = Game;
			sourceTree = "<group>";
		};
		889A249C29CC5DD100E61BC9 /* Menu */ = {
			isa = PBXGroup;
			children = (
				8852198C29CB30D600A96E49 /* MenuViewController.swift */,
			);
			path = Menu;
			sourceTree = "<group>";
		};
		889A24A129CC5E2700E61BC9 /* Level */ = {
			isa = PBXGroup;
			children = (
				889A249F29CC5E2300E61BC9 /* LevelViewController.swift */,
				889A24A229CC5EA400E61BC9 /* LevelCell.swift */,
			);
			path = Level;
			sourceTree = "<group>";
		};
		889A24B229CC928600E61BC9 /* Alert */ = {
			isa = PBXGroup;
			children = (
				8879216029CC93E8004F07DB /* Alert.swift */,
				1455539D29CDF054007EC535 /* Alert.xib */,
			);
			path = Alert;
			sourceTree = "<group>";
		};
		8AD881B053EBD79B0AF5B17F /* Frameworks */ = {
			isa = PBXGroup;
			children = (
				07CFA4AF77380FD68B3CE2E8 /* Pods_PinkoWin_iOS.framework */,
				1A8519DD62795F0EA83E1991 /* Pods_OneSignalNotificationServiceExtension.framework */,
			);
			name = Frameworks;
			sourceTree = "<group>";
		};
		F6811B506DEA0FD6793E872D /* Pods */ = {
			isa = PBXGroup;
			children = (
				AAF74784F945E21E943180D3 /* Pods-PinkoWin iOS.debug.xcconfig */,
				3BFF7568BAC3329935DEFB0D /* Pods-PinkoWin iOS.release.xcconfig */,
				8AEBCF8E07EDA652F376CEC0 /* Pods-OneSignalNotificationServiceExtension.debug.xcconfig */,
				67D200178B54E55D6DABDD4C /* Pods-OneSignalNotificationServiceExtension.release.xcconfig */,
			);
			path = Pods;
			sourceTree = "<group>";
		};
/* End PBXGroup section */

/* Begin PBXNativeTarget section */
		8877CFE529C8A8BF00227018 /* PinkoWin iOS */ = {
			isa = PBXNativeTarget;
			buildConfigurationList = 8877CFF929C8A8BF00227018 /* Build configuration list for PBXNativeTarget "PinkoWin iOS" */;
			buildPhases = (
				D0487F8038C700A10A4783D7 /* [CP] Check Pods Manifest.lock */,
				8877CFE229C8A8BF00227018 /* Sources */,
				8877CFE329C8A8BF00227018 /* Frameworks */,
				8877CFE429C8A8BF00227018 /* Resources */,
				48BD96BE1ECA7B8B5FA81249 /* [CP] Embed Pods Frameworks */,
				8879218529CDA948004F07DB /* Embed Foundation Extensions */,
				1455539C29CDEF49007EC535 /* Web App */,
			);
			buildRules = (
			);
			dependencies = (
				8879218029CDA948004F07DB /* PBXTargetDependency */,
			);
			name = "PinkoWin iOS";
			productName = "PinkoWin iOS";
			productReference = 8877CFE629C8A8BF00227018 /* PinkoWin.app */;
			productType = "com.apple.product-type.application";
		};
		8879217929CDA947004F07DB /* OneSignalNotificationServiceExtension */ = {
			isa = PBXNativeTarget;
			buildConfigurationList = 8879218229CDA948004F07DB /* Build configuration list for PBXNativeTarget "OneSignalNotificationServiceExtension" */;
			buildPhases = (
				55A0C7B6D8E1AF32FB413B3D /* [CP] Check Pods Manifest.lock */,
				8879217629CDA947004F07DB /* Sources */,
				8879217729CDA947004F07DB /* Frameworks */,
				8879217829CDA947004F07DB /* Resources */,
			);
			buildRules = (
			);
			dependencies = (
			);
			name = OneSignalNotificationServiceExtension;
			productName = OneSignalNotificationServiceExtension;
			productReference = 8879217A29CDA947004F07DB /* OneSignalNotificationServiceExtension.appex */;
			productType = "com.apple.product-type.app-extension";
		};
/* End PBXNativeTarget section */

/* Begin PBXProject section */
		8877CFD929C8A8BD00227018 /* Project object */ = {
			isa = PBXProject;
			attributes = {
				BuildIndependentTargetsInParallel = 1;
				LastSwiftUpdateCheck = 1420;
				LastUpgradeCheck = 1420;
				TargetAttributes = {
					8877CFE529C8A8BF00227018 = {
						CreatedOnToolsVersion = 14.2;
					};
					8879217929CDA947004F07DB = {
						CreatedOnToolsVersion = 14.2;
					};
				};
			};
			buildConfigurationList = 8877CFDC29C8A8BD00227018 /* Build configuration list for PBXProject "PinkoWin" */;
			compatibilityVersion = "Xcode 14.0";
			developmentRegion = en;
			hasScannedForEncodings = 0;
			knownRegions = (
				en,
				Base,
			);
			mainGroup = 8877CFD829C8A8BD00227018;
			productRefGroup = 8877CFE729C8A8BF00227018 /* Products */;
			projectDirPath = "";
			projectRoot = "";
			targets = (
				8877CFE529C8A8BF00227018 /* PinkoWin iOS */,
				8879217929CDA947004F07DB /* OneSignalNotificationServiceExtension */,
			);
		};
/* End PBXProject section */

/* Begin PBXResourcesBuildPhase section */
		8877CFE429C8A8BF00227018 /* Resources */ = {
			isa = PBXResourcesBuildPhase;
			buildActionMask = 2147483647;
			files = (
				8877CFEF29C8A8BF00227018 /* Main.storyboard in Resources */,
				889A24A729CC7ED600E61BC9 /* GoogleService-Info.plist in Resources */,
				1455539E29CDF054007EC535 /* Alert.xib in Resources */,
				8879218F29CDBFCA004F07DB /* backgroundMusic.mp3 in Resources */,
				8877CFF229C8A8BF00227018 /* LaunchScreen.storyboard in Resources */,
				8879219129CDBFD6004F07DB /* ball.mp3 in Resources */,
				8877CFF629C8A8BF00227018 /* Assets.xcassets in Resources */,
			);
			runOnlyForDeploymentPostprocessing = 0;
		};
		8879217829CDA947004F07DB /* Resources */ = {
			isa = PBXResourcesBuildPhase;
			buildActionMask = 2147483647;
			files = (
			);
			runOnlyForDeploymentPostprocessing = 0;
		};
/* End PBXResourcesBuildPhase section */

/* Begin PBXShellScriptBuildPhase section */
		1455539C29CDEF49007EC535 /* Web App */ = {
			isa = PBXShellScriptBuildPhase;
			buildActionMask = 2147483647;
			files = (
			);
			inputFileListPaths = (
			);
			inputPaths = (
			);
			name = "Web App";
			outputFileListPaths = (
			);
			outputPaths = (
			);
			runOnlyForDeploymentPostprocessing = 0;
			shellPath = /bin/sh;
			shellScript = "# Type a script or drag a script file from your workspace to insert its path.\nAPP_NAME=\"onboarding\"\nEMBEDDED_DIR=\"${BUILT_PRODUCTS_DIR}/${TARGET_NAME}.app/portals\"\nEMBEDDED_APP=\"${SRCROOT}/../dist\"\nZIP_FILE=\"${APP_NAME}.zip\"\n\nmkdir \"${EMBEDDED_DIR}\"\n\nif [ -d \"${EMBEDDED_DIR}/${APP_NAME}\" ]\nthen\n    cd \"${EMBEDDED_DIR}\"\n    rm -r \"${APP_NAME}\"\nfi\n\nmkdir \"${EMBEDDED_DIR}/${APP_NAME}\"\n\nif [ -d \"${EMBEDDED_APP}\" ] \nthen\n    cd \"${EMBEDDED_APP}\"\n    zip -vr \"${ZIP_FILE}\" * -x \"*.DS_Store\"\n    unzip \"${ZIP_FILE}\" -d \"${EMBEDDED_DIR}/${APP_NAME}\"\n    rm \"${ZIP_FILE}\"\nelse\n    echo \"App ${APP_NAME} has not been built!\"\n    exit 999\nfi\n";
		};
		48BD96BE1ECA7B8B5FA81249 /* [CP] Embed Pods Frameworks */ = {
			isa = PBXShellScriptBuildPhase;
			buildActionMask = 2147483647;
			files = (
			);
			inputFileListPaths = (
				"${PODS_ROOT}/Target Support Files/Pods-PinkoWin iOS/Pods-PinkoWin iOS-frameworks-${CONFIGURATION}-input-files.xcfilelist",
			);
			name = "[CP] Embed Pods Frameworks";
			outputFileListPaths = (
				"${PODS_ROOT}/Target Support Files/Pods-PinkoWin iOS/Pods-PinkoWin iOS-frameworks-${CONFIGURATION}-output-files.xcfilelist",
			);
			runOnlyForDeploymentPostprocessing = 0;
			shellPath = /bin/sh;
			shellScript = "\"${PODS_ROOT}/Target Support Files/Pods-PinkoWin iOS/Pods-PinkoWin iOS-frameworks.sh\"\n";
			showEnvVarsInLog = 0;
		};
		55A0C7B6D8E1AF32FB413B3D /* [CP] Check Pods Manifest.lock */ = {
			isa = PBXShellScriptBuildPhase;
			buildActionMask = 2147483647;
			files = (
			);
			inputFileListPaths = (
			);
			inputPaths = (
				"${PODS_PODFILE_DIR_PATH}/Podfile.lock",
				"${PODS_ROOT}/Manifest.lock",
			);
			name = "[CP] Check Pods Manifest.lock";
			outputFileListPaths = (
			);
			outputPaths = (
				"$(DERIVED_FILE_DIR)/Pods-OneSignalNotificationServiceExtension-checkManifestLockResult.txt",
			);
			runOnlyForDeploymentPostprocessing = 0;
			shellPath = /bin/sh;
			shellScript = "diff \"${PODS_PODFILE_DIR_PATH}/Podfile.lock\" \"${PODS_ROOT}/Manifest.lock\" > /dev/null\nif [ $? != 0 ] ; then\n    # print error to STDERR\n    echo \"error: The sandbox is not in sync with the Podfile.lock. Run 'pod install' or update your CocoaPods installation.\" >&2\n    exit 1\nfi\n# This output is used by Xcode 'outputs' to avoid re-running this script phase.\necho \"SUCCESS\" > \"${SCRIPT_OUTPUT_FILE_0}\"\n";
			showEnvVarsInLog = 0;
		};
		D0487F8038C700A10A4783D7 /* [CP] Check Pods Manifest.lock */ = {
			isa = PBXShellScriptBuildPhase;
			buildActionMask = 2147483647;
			files = (
			);
			inputFileListPaths = (
			);
			inputPaths = (
				"${PODS_PODFILE_DIR_PATH}/Podfile.lock",
				"${PODS_ROOT}/Manifest.lock",
			);
			name = "[CP] Check Pods Manifest.lock";
			outputFileListPaths = (
			);
			outputPaths = (
				"$(DERIVED_FILE_DIR)/Pods-PinkoWin iOS-checkManifestLockResult.txt",
			);
			runOnlyForDeploymentPostprocessing = 0;
			shellPath = /bin/sh;
			shellScript = "diff \"${PODS_PODFILE_DIR_PATH}/Podfile.lock\" \"${PODS_ROOT}/Manifest.lock\" > /dev/null\nif [ $? != 0 ] ; then\n    # print error to STDERR\n    echo \"error: The sandbox is not in sync with the Podfile.lock. Run 'pod install' or update your CocoaPods installation.\" >&2\n    exit 1\nfi\n# This output is used by Xcode 'outputs' to avoid re-running this script phase.\necho \"SUCCESS\" > \"${SCRIPT_OUTPUT_FILE_0}\"\n";
			showEnvVarsInLog = 0;
		};
/* End PBXShellScriptBuildPhase section */

/* Begin PBXSourcesBuildPhase section */
		8877CFE229C8A8BF00227018 /* Sources */ = {
			isa = PBXSourcesBuildPhase;
			buildActionMask = 2147483647;
			files = (
				889A24A329CC5EA400E61BC9 /* LevelCell.swift in Sources */,
				8879218D29CDB4E9004F07DB /* Constants.swift in Sources */,
				8877CFF529C8A8BF00227018 /* GameScene.swift in Sources */,
				889A24A529CC7E1200E61BC9 /* FirebaseManager.swift in Sources */,
				8879217429CD9CBB004F07DB /* SettingsViewController.swift in Sources */,
				889A249829CC479A00E61BC9 /* PortraitViewController.swift in Sources */,
				8879218B29CDB4C7004F07DB /* State.swift in Sources */,
				8879216D29CD82B8004F07DB /* ShopViewController.swift in Sources */,
				8879216A29CCF740004F07DB /* User.swift in Sources */,
				8877CFEC29C8A8BF00227018 /* GameViewController.swift in Sources */,
				8879216229CC93E8004F07DB /* Alert.swift in Sources */,
				889A24A029CC5E2300E61BC9 /* LevelViewController.swift in Sources */,
				889A249529CC471800E61BC9 /* LoadingViewController.swift in Sources */,
				889A24AB29CC811900E61BC9 /* BlurLoader.swift in Sources */,
				8879217029CD8300004F07DB /* ShoppingManager.swift in Sources */,
				8879216829CCF641004F07DB /* RatingCell.swift in Sources */,
				8877CFEA29C8A8BF00227018 /* AppDelegate.swift in Sources */,
				8852198D29CB30D600A96E49 /* MenuViewController.swift in Sources */,
				889A249A29CC47D900E61BC9 /* OnboardingVC.swift in Sources */,
				889A24A929CC80E900E61BC9 /* UIView+Extensions.swift in Sources */,
				8879217229CD8418004F07DB /* SoundManager.swift in Sources */,
				8879216529CCF60C004F07DB /* RatingViewController.swift in Sources */,
			);
			runOnlyForDeploymentPostprocessing = 0;
		};
		8879217629CDA947004F07DB /* Sources */ = {
			isa = PBXSourcesBuildPhase;
			buildActionMask = 2147483647;
			files = (
				8879217D29CDA948004F07DB /* NotificationService.swift in Sources */,
			);
			runOnlyForDeploymentPostprocessing = 0;
		};
/* End PBXSourcesBuildPhase section */

/* Begin PBXTargetDependency section */
		8879218029CDA948004F07DB /* PBXTargetDependency */ = {
			isa = PBXTargetDependency;
			target = 8879217929CDA947004F07DB /* OneSignalNotificationServiceExtension */;
			targetProxy = 8879217F29CDA948004F07DB /* PBXContainerItemProxy */;
		};
/* End PBXTargetDependency section */

/* Begin PBXVariantGroup section */
		8877CFED29C8A8BF00227018 /* Main.storyboard */ = {
			isa = PBXVariantGroup;
			children = (
				8877CFEE29C8A8BF00227018 /* Base */,
			);
			name = Main.storyboard;
			sourceTree = "<group>";
		};
		8877CFF029C8A8BF00227018 /* LaunchScreen.storyboard */ = {
			isa = PBXVariantGroup;
			children = (
				8877CFF129C8A8BF00227018 /* Base */,
			);
			name = LaunchScreen.storyboard;
			sourceTree = "<group>";
		};
/* End PBXVariantGroup section */

/* Begin XCBuildConfiguration section */
		8877CFF729C8A8BF00227018 /* Debug */ = {
			isa = XCBuildConfiguration;
			buildSettings = {
				ALWAYS_SEARCH_USER_PATHS = NO;
				CLANG_ANALYZER_NONNULL = YES;
				CLANG_ANALYZER_NUMBER_OBJECT_CONVERSION = YES_AGGRESSIVE;
				CLANG_CXX_LANGUAGE_STANDARD = "gnu++20";
				CLANG_ENABLE_MODULES = YES;
				CLANG_ENABLE_OBJC_ARC = YES;
				CLANG_ENABLE_OBJC_WEAK = YES;
				CLANG_WARN_BLOCK_CAPTURE_AUTORELEASING = YES;
				CLANG_WARN_BOOL_CONVERSION = YES;
				CLANG_WARN_COMMA = YES;
				CLANG_WARN_CONSTANT_CONVERSION = YES;
				CLANG_WARN_DEPRECATED_OBJC_IMPLEMENTATIONS = YES;
				CLANG_WARN_DIRECT_OBJC_ISA_USAGE = YES_ERROR;
				CLANG_WARN_DOCUMENTATION_COMMENTS = YES;
				CLANG_WARN_EMPTY_BODY = YES;
				CLANG_WARN_ENUM_CONVERSION = YES;
				CLANG_WARN_INFINITE_RECURSION = YES;
				CLANG_WARN_INT_CONVERSION = YES;
				CLANG_WARN_NON_LITERAL_NULL_CONVERSION = YES;
				CLANG_WARN_OBJC_IMPLICIT_RETAIN_SELF = YES;
				CLANG_WARN_OBJC_LITERAL_CONVERSION = YES;
				CLANG_WARN_OBJC_ROOT_CLASS = YES_ERROR;
				CLANG_WARN_QUOTED_INCLUDE_IN_FRAMEWORK_HEADER = YES;
				CLANG_WARN_RANGE_LOOP_ANALYSIS = YES;
				CLANG_WARN_STRICT_PROTOTYPES = YES;
				CLANG_WARN_SUSPICIOUS_MOVE = YES;
				CLANG_WARN_UNGUARDED_AVAILABILITY = YES_AGGRESSIVE;
				CLANG_WARN_UNREACHABLE_CODE = YES;
				CLANG_WARN__DUPLICATE_METHOD_MATCH = YES;
				COPY_PHASE_STRIP = NO;
				DEAD_CODE_STRIPPING = YES;
				DEBUG_INFORMATION_FORMAT = dwarf;
				ENABLE_STRICT_OBJC_MSGSEND = YES;
				ENABLE_TESTABILITY = YES;
				GCC_C_LANGUAGE_STANDARD = gnu11;
				GCC_DYNAMIC_NO_PIC = NO;
				GCC_NO_COMMON_BLOCKS = YES;
				GCC_OPTIMIZATION_LEVEL = 0;
				GCC_PREPROCESSOR_DEFINITIONS = (
					"DEBUG=1",
					"$(inherited)",
				);
				GCC_WARN_64_TO_32_BIT_CONVERSION = YES;
				GCC_WARN_ABOUT_RETURN_TYPE = YES_ERROR;
				GCC_WARN_UNDECLARED_SELECTOR = YES;
				GCC_WARN_UNINITIALIZED_AUTOS = YES_AGGRESSIVE;
				GCC_WARN_UNUSED_FUNCTION = YES;
				GCC_WARN_UNUSED_VARIABLE = YES;
				IPHONEOS_DEPLOYMENT_TARGET = 13.0;
				MTL_ENABLE_DEBUG_INFO = INCLUDE_SOURCE;
				MTL_FAST_MATH = YES;
				ONLY_ACTIVE_ARCH = YES;
				SWIFT_ACTIVE_COMPILATION_CONDITIONS = DEBUG;
				SWIFT_OPTIMIZATION_LEVEL = "-Onone";
			};
			name = Debug;
		};
		8877CFF829C8A8BF00227018 /* Release */ = {
			isa = XCBuildConfiguration;
			buildSettings = {
				ALWAYS_SEARCH_USER_PATHS = NO;
				CLANG_ANALYZER_NONNULL = YES;
				CLANG_ANALYZER_NUMBER_OBJECT_CONVERSION = YES_AGGRESSIVE;
				CLANG_CXX_LANGUAGE_STANDARD = "gnu++20";
				CLANG_ENABLE_MODULES = YES;
				CLANG_ENABLE_OBJC_ARC = YES;
				CLANG_ENABLE_OBJC_WEAK = YES;
				CLANG_WARN_BLOCK_CAPTURE_AUTORELEASING = YES;
				CLANG_WARN_BOOL_CONVERSION = YES;
				CLANG_WARN_COMMA = YES;
				CLANG_WARN_CONSTANT_CONVERSION = YES;
				CLANG_WARN_DEPRECATED_OBJC_IMPLEMENTATIONS = YES;
				CLANG_WARN_DIRECT_OBJC_ISA_USAGE = YES_ERROR;
				CLANG_WARN_DOCUMENTATION_COMMENTS = YES;
				CLANG_WARN_EMPTY_BODY = YES;
				CLANG_WARN_ENUM_CONVERSION = YES;
				CLANG_WARN_INFINITE_RECURSION = YES;
				CLANG_WARN_INT_CONVERSION = YES;
				CLANG_WARN_NON_LITERAL_NULL_CONVERSION = YES;
				CLANG_WARN_OBJC_IMPLICIT_RETAIN_SELF = YES;
				CLANG_WARN_OBJC_LITERAL_CONVERSION = YES;
				CLANG_WARN_OBJC_ROOT_CLASS = YES_ERROR;
				CLANG_WARN_QUOTED_INCLUDE_IN_FRAMEWORK_HEADER = YES;
				CLANG_WARN_RANGE_LOOP_ANALYSIS = YES;
				CLANG_WARN_STRICT_PROTOTYPES = YES;
				CLANG_WARN_SUSPICIOUS_MOVE = YES;
				CLANG_WARN_UNGUARDED_AVAILABILITY = YES_AGGRESSIVE;
				CLANG_WARN_UNREACHABLE_CODE = YES;
				CLANG_WARN__DUPLICATE_METHOD_MATCH = YES;
				COPY_PHASE_STRIP = NO;
				DEAD_CODE_STRIPPING = YES;
				DEBUG_INFORMATION_FORMAT = "dwarf-with-dsym";
				ENABLE_NS_ASSERTIONS = NO;
				ENABLE_STRICT_OBJC_MSGSEND = YES;
				GCC_C_LANGUAGE_STANDARD = gnu11;
				GCC_NO_COMMON_BLOCKS = YES;
				GCC_WARN_64_TO_32_BIT_CONVERSION = YES;
				GCC_WARN_ABOUT_RETURN_TYPE = YES_ERROR;
				GCC_WARN_UNDECLARED_SELECTOR = YES;
				GCC_WARN_UNINITIALIZED_AUTOS = YES_AGGRESSIVE;
				GCC_WARN_UNUSED_FUNCTION = YES;
				GCC_WARN_UNUSED_VARIABLE = YES;
				IPHONEOS_DEPLOYMENT_TARGET = 13.0;
				MTL_ENABLE_DEBUG_INFO = NO;
				MTL_FAST_MATH = YES;
				SWIFT_COMPILATION_MODE = wholemodule;
				SWIFT_OPTIMIZATION_LEVEL = "-O";
			};
			name = Release;
		};
		8877CFFA29C8A8BF00227018 /* Debug */ = {
			isa = XCBuildConfiguration;
			baseConfigurationReference = AAF74784F945E21E943180D3 /* Pods-PinkoWin iOS.debug.xcconfig */;
			buildSettings = {
				ALWAYS_EMBED_SWIFT_STANDARD_LIBRARIES = YES;
				ASSETCATALOG_COMPILER_APPICON_NAME = AppIcon;
				ASSETCATALOG_COMPILER_GLOBAL_ACCENT_COLOR_NAME = AccentColor;
				CODE_SIGN_ENTITLEMENTS = "PinkoWin iOS/PinkoWin iOS.entitlements";
				CODE_SIGN_STYLE = Manual;
				CURRENT_PROJECT_VERSION = 1;
				DEVELOPMENT_TEAM = "";
				GENERATE_INFOPLIST_FILE = YES;
				INFOPLIST_FILE = "PinkoWin-iOS-Info.plist";
				INFOPLIST_KEY_NSCameraUsageDescription = "Plinko used Photo Library for photo";
				INFOPLIST_KEY_NSPhotoLibraryUsageDescription = "Plinko used Camera for photo";
				INFOPLIST_KEY_UIApplicationSupportsIndirectInputEvents = YES;
				INFOPLIST_KEY_UILaunchStoryboardName = LaunchScreen;
				INFOPLIST_KEY_UIMainStoryboardFile = Main;
				INFOPLIST_KEY_UIStatusBarHidden = YES;
				INFOPLIST_KEY_UISupportedInterfaceOrientations_iPad = "UIInterfaceOrientationPortrait UIInterfaceOrientationPortraitUpsideDown UIInterfaceOrientationLandscapeLeft UIInterfaceOrientationLandscapeRight";
				INFOPLIST_KEY_UISupportedInterfaceOrientations_iPhone = "UIInterfaceOrientationPortrait UIInterfaceOrientationLandscapeLeft UIInterfaceOrientationLandscapeRight";
				IPHONEOS_DEPLOYMENT_TARGET = 13.0;
				LD_RUNPATH_SEARCH_PATHS = (
					"$(inherited)",
					"@executable_path/Frameworks",
				);
				MARKETING_VERSION = 1.0;
				PRODUCT_BUNDLE_IDENTIFIER = com.PinkoWin2023w;
				PRODUCT_NAME = PinkoWin;
				PROVISIONING_PROFILE_SPECIFIER = "";
				SDKROOT = iphoneos;
				SUPPORTED_PLATFORMS = "iphoneos iphonesimulator";
				SUPPORTS_MACCATALYST = NO;
				SUPPORTS_MAC_DESIGNED_FOR_IPHONE_IPAD = NO;
				SWIFT_EMIT_LOC_STRINGS = YES;
				SWIFT_VERSION = 5.0;
				TARGETED_DEVICE_FAMILY = "1,2";
			};
			name = Debug;
		};
		8877CFFB29C8A8BF00227018 /* Release */ = {
			isa = XCBuildConfiguration;
			baseConfigurationReference = 3BFF7568BAC3329935DEFB0D /* Pods-PinkoWin iOS.release.xcconfig */;
			buildSettings = {
				ALWAYS_EMBED_SWIFT_STANDARD_LIBRARIES = YES;
				ASSETCATALOG_COMPILER_APPICON_NAME = AppIcon;
				ASSETCATALOG_COMPILER_GLOBAL_ACCENT_COLOR_NAME = AccentColor;
				CODE_SIGN_ENTITLEMENTS = "PinkoWin iOS/PinkoWin iOS.entitlements";
				CODE_SIGN_STYLE = Manual;
				CURRENT_PROJECT_VERSION = 1;
				DEVELOPMENT_TEAM = "";
				GENERATE_INFOPLIST_FILE = YES;
				INFOPLIST_FILE = "PinkoWin-iOS-Info.plist";
				INFOPLIST_KEY_NSCameraUsageDescription = "Plinko used Photo Library for photo";
				INFOPLIST_KEY_NSPhotoLibraryUsageDescription = "Plinko used Camera for photo";
				INFOPLIST_KEY_UIApplicationSupportsIndirectInputEvents = YES;
				INFOPLIST_KEY_UILaunchStoryboardName = LaunchScreen;
				INFOPLIST_KEY_UIMainStoryboardFile = Main;
				INFOPLIST_KEY_UIStatusBarHidden = YES;
				INFOPLIST_KEY_UISupportedInterfaceOrientations_iPad = "UIInterfaceOrientationPortrait UIInterfaceOrientationPortraitUpsideDown UIInterfaceOrientationLandscapeLeft UIInterfaceOrientationLandscapeRight";
				INFOPLIST_KEY_UISupportedInterfaceOrientations_iPhone = "UIInterfaceOrientationPortrait UIInterfaceOrientationLandscapeLeft UIInterfaceOrientationLandscapeRight";
				IPHONEOS_DEPLOYMENT_TARGET = 13.0;
				LD_RUNPATH_SEARCH_PATHS = (
					"$(inherited)",
					"@executable_path/Frameworks",
				);
				MARKETING_VERSION = 1.0;
				PRODUCT_BUNDLE_IDENTIFIER = com.PinkoWin2023w;
				PRODUCT_NAME = PinkoWin;
				PROVISIONING_PROFILE_SPECIFIER = "";
				SDKROOT = iphoneos;
				SUPPORTED_PLATFORMS = "iphoneos iphonesimulator";
				SUPPORTS_MACCATALYST = NO;
				SUPPORTS_MAC_DESIGNED_FOR_IPHONE_IPAD = NO;
				SWIFT_EMIT_LOC_STRINGS = YES;
				SWIFT_VERSION = 5.0;
				TARGETED_DEVICE_FAMILY = "1,2";
				VALIDATE_PRODUCT = YES;
			};
			name = Release;
		};
		8879218329CDA948004F07DB /* Debug */ = {
			isa = XCBuildConfiguration;
			baseConfigurationReference = 8AEBCF8E07EDA652F376CEC0 /* Pods-OneSignalNotificationServiceExtension.debug.xcconfig */;
			buildSettings = {
				CODE_SIGN_STYLE = Manual;
				CURRENT_PROJECT_VERSION = 1;
				DEVELOPMENT_TEAM = "";
				GENERATE_INFOPLIST_FILE = YES;
				INFOPLIST_FILE = OneSignalNotificationServiceExtension/Info.plist;
				INFOPLIST_KEY_CFBundleDisplayName = OneSignalNotificationServiceExtension;
				INFOPLIST_KEY_NSHumanReadableCopyright = "";
				IPHONEOS_DEPLOYMENT_TARGET = 13.0;
				LD_RUNPATH_SEARCH_PATHS = (
					"$(inherited)",
					"@executable_path/Frameworks",
					"@executable_path/../../Frameworks",
				);
				MARKETING_VERSION = 1.0;
				PRODUCT_BUNDLE_IDENTIFIER = com.PinkoWin2023w.OneSignalNotificationServiceExtension;
				PRODUCT_NAME = "$(TARGET_NAME)";
				PROVISIONING_PROFILE_SPECIFIER = "";
				SDKROOT = iphoneos;
				SKIP_INSTALL = YES;
				SWIFT_EMIT_LOC_STRINGS = YES;
				SWIFT_VERSION = 5.0;
				TARGETED_DEVICE_FAMILY = "1,2";
			};
			name = Debug;
		};
		8879218429CDA948004F07DB /* Release */ = {
			isa = XCBuildConfiguration;
			baseConfigurationReference = 67D200178B54E55D6DABDD4C /* Pods-OneSignalNotificationServiceExtension.release.xcconfig */;
			buildSettings = {
				CODE_SIGN_STYLE = Manual;
				CURRENT_PROJECT_VERSION = 1;
				DEVELOPMENT_TEAM = "";
				GENERATE_INFOPLIST_FILE = YES;
				INFOPLIST_FILE = OneSignalNotificationServiceExtension/Info.plist;
				INFOPLIST_KEY_CFBundleDisplayName = OneSignalNotificationServiceExtension;
				INFOPLIST_KEY_NSHumanReadableCopyright = "";
				IPHONEOS_DEPLOYMENT_TARGET = 13.0;
				LD_RUNPATH_SEARCH_PATHS = (
					"$(inherited)",
					"@executable_path/Frameworks",
					"@executable_path/../../Frameworks",
				);
				MARKETING_VERSION = 1.0;
				PRODUCT_BUNDLE_IDENTIFIER = com.PinkoWin2023w.OneSignalNotificationServiceExtension;
				PRODUCT_NAME = "$(TARGET_NAME)";
				PROVISIONING_PROFILE_SPECIFIER = "";
				SDKROOT = iphoneos;
				SKIP_INSTALL = YES;
				SWIFT_EMIT_LOC_STRINGS = YES;
				SWIFT_VERSION = 5.0;
				TARGETED_DEVICE_FAMILY = "1,2";
				VALIDATE_PRODUCT = YES;
			};
			name = Release;
		};
/* End XCBuildConfiguration section */

/* Begin XCConfigurationList section */
		8877CFDC29C8A8BD00227018 /* Build configuration list for PBXProject "PinkoWin" */ = {
			isa = XCConfigurationList;
			buildConfigurations = (
				8877CFF729C8A8BF00227018 /* Debug */,
				8877CFF829C8A8BF00227018 /* Release */,
			);
			defaultConfigurationIsVisible = 0;
			defaultConfigurationName = Release;
		};
		8877CFF929C8A8BF00227018 /* Build configuration list for PBXNativeTarget "PinkoWin iOS" */ = {
			isa = XCConfigurationList;
			buildConfigurations = (
				8877CFFA29C8A8BF00227018 /* Debug */,
				8877CFFB29C8A8BF00227018 /* Release */,
			);
			defaultConfigurationIsVisible = 0;
			defaultConfigurationName = Release;
		};
		8879218229CDA948004F07DB /* Build configuration list for PBXNativeTarget "OneSignalNotificationServiceExtension" */ = {
			isa = XCConfigurationList;
			buildConfigurations = (
				8879218329CDA948004F07DB /* Debug */,
				8879218429CDA948004F07DB /* Release */,
			);
			defaultConfigurationIsVisible = 0;
			defaultConfigurationName = Release;
		};
/* End XCConfigurationList section */
	};
	rootObject = 8877CFD929C8A8BD00227018 /* Project object */;
}
